
Microsoft Visual Studio Solution File, Format Version 12.00
# Visual Studio Version 16
VisualStudioVersion = 16.0.32002.261
MinimumVisualStudioVersion = 10.0.40219.1
Project("{FAE04EC0-301F-11D3-BF4B-00C04F79EFBC}") = "ConsoleLab11_1", "ConsoleLab11_1\ConsoleLab11_1.csproj", "{CBEF27D6-2355-40D2-99B6-D838E351589D}"
EndProject
Global
	GlobalSection(SolutionConfigurationPlatforms) = preSolution
		Debug|Any CPU = Debug|Any CPU
		Release|Any CPU = Release|Any CPU
	EndGlobalSection
	GlobalSection(ProjectConfigurationPlatforms) = postSolution
		{CBEF27D6-2355-40D2-99B6-D838E351589D}.Debug|Any CPU.ActiveCfg = Debug|Any CPU
		{CBEF27D6-2355-40D2-99B6-D838E351589D}.Debug|Any CPU.Build.0 = Debug|Any CPU
		{CBEF27D6-2355-40D2-99B6-D838E351589D}.Release|Any CPU.ActiveCfg = Release|Any CPU
		{CBEF27D6-2355-40D2-99B6-D838E351589D}.Release|Any CPU.Build.0 = Release|Any CPU
	EndGlobalSection
	GlobalSection(SolutionProperties) = preSolution
		HideSolutionNode = FALSE
	EndGlobalSection
	GlobalSection(ExtensibilityGlobals) = postSolution
		SolutionGuid = {CF04670E-F76D-41EA-BC2A-BC109E339ECF}
	EndGlobalSection
EndGlobal
